
Microsoft Visual Studio Solution File, Format Version 12.00
# Visual Studio Version 16
VisualStudioVersion = 16.0.30804.86
MinimumVisualStudioVersion = 10.0.40219.1
Project("{9A19103F-16F7-4668-BE54-9A1E7A4F7556}") = "WebStore.API", "WebStore.API\WebStore.API.csproj", "{8AE99C88-1656-4A79-844D-115DD077F26D}"
EndProject
Project("{9A19103F-16F7-4668-BE54-9A1E7A4F7556}") = "WebStore.Models", "WebStore.Models\WebStore.Models.csproj", "{4524B790-555F-4412-BD13-E7E2120E6E53}"
EndProject
Project("{9A19103F-16F7-4668-BE54-9A1E7A4F7556}") = "WebStore.Database", "WebStore.Database\WebStore.Database.csproj", "{BC41F7D4-84CD-4F59-8AD8-B004EEC0B68F}"
EndProject
Project("{9A19103F-16F7-4668-BE54-9A1E7A4F7556}") = "WebStore.Application", "WebStore.Application\WebStore.Application.csproj", "{2C73F0CD-B6A0-49E2-9E33-1326F972C01E}"
EndProject
Project("{FAE04EC0-301F-11D3-BF4B-00C04F79EFBC}") = "WebStore.UI", "WebStore.UI\WebStore.UI.csproj", "{57004E4A-4872-4C97-892E-6F0278BEAB7F}"
EndProject
Global
	GlobalSection(SolutionConfigurationPlatforms) = preSolution
		Debug|Any CPU = Debug|Any CPU
		Release|Any CPU = Release|Any CPU
	EndGlobalSection
	GlobalSection(ProjectConfigurationPlatforms) = postSolution
		{8AE99C88-1656-4A79-844D-115DD077F26D}.Debug|Any CPU.ActiveCfg = Debug|Any CPU
		{8AE99C88-1656-4A79-844D-115DD077F26D}.Debug|Any CPU.Build.0 = Debug|Any CPU
		{8AE99C88-1656-4A79-844D-115DD077F26D}.Release|Any CPU.ActiveCfg = Release|Any CPU
		{8AE99C88-1656-4A79-844D-115DD077F26D}.Release|Any CPU.Build.0 = Release|Any CPU
		{4524B790-555F-4412-BD13-E7E2120E6E53}.Debug|Any CPU.ActiveCfg = Debug|Any CPU
		{4524B790-555F-4412-BD13-E7E2120E6E53}.Debug|Any CPU.Build.0 = Debug|Any CPU
		{4524B790-555F-4412-BD13-E7E2120E6E53}.Release|Any CPU.ActiveCfg = Release|Any CPU
		{4524B790-555F-4412-BD13-E7E2120E6E53}.Release|Any CPU.Build.0 = Release|Any CPU
		{BC41F7D4-84CD-4F59-8AD8-B004EEC0B68F}.Debug|Any CPU.ActiveCfg = Debug|Any CPU
		{BC41F7D4-84CD-4F59-8AD8-B004EEC0B68F}.Debug|Any CPU.Build.0 = Debug|Any CPU
		{BC41F7D4-84CD-4F59-8AD8-B004EEC0B68F}.Release|Any CPU.ActiveCfg = Release|Any CPU
		{BC41F7D4-84CD-4F59-8AD8-B004EEC0B68F}.Release|Any CPU.Build.0 = Release|Any CPU
		{2C73F0CD-B6A0-49E2-9E33-1326F972C01E}.Debug|Any CPU.ActiveCfg = Debug|Any CPU
		{2C73F0CD-B6A0-49E2-9E33-1326F972C01E}.Debug|Any CPU.Build.0 = Debug|Any CPU
		{2C73F0CD-B6A0-49E2-9E33-1326F972C01E}.Release|Any CPU.ActiveCfg = Release|Any CPU
		{2C73F0CD-B6A0-49E2-9E33-1326F972C01E}.Release|Any CPU.Build.0 = Release|Any CPU
		{57004E4A-4872-4C97-892E-6F0278BEAB7F}.Debug|Any CPU.ActiveCfg = Debug|Any CPU
		{57004E4A-4872-4C97-892E-6F0278BEAB7F}.Debug|Any CPU.Build.0 = Debug|Any CPU
		{57004E4A-4872-4C97-892E-6F0278BEAB7F}.Release|Any CPU.ActiveCfg = Release|Any CPU
		{57004E4A-4872-4C97-892E-6F0278BEAB7F}.Release|Any CPU.Build.0 = Release|Any CPU
	EndGlobalSection
	GlobalSection(SolutionProperties) = preSolution
		HideSolutionNode = FALSE
	EndGlobalSection
	GlobalSection(ExtensibilityGlobals) = postSolution
		SolutionGuid = {695729BC-D05F-4429-934B-C210F51173C2}
	EndGlobalSection
EndGlobal
